<?xml version="1.0" encoding="utf-8"?>
<Project ToolsVersion="4.0" xmlns="http://schemas.microsoft.com/developer/msbuild/2003">
  <ItemGroup>
    <Filter Include="Source Files">
      <UniqueIdentifier>{4FC737F1-C7A5-4376-A066-2A32D752A2FF}</UniqueIdentifier>
      <Extensions>cpp;c;cc;cxx;def;odl;idl;hpj;bat;asm;asmx</Extensions>
    </Filter>
    <Filter Include="Header Files">
      <UniqueIdentifier>{93995380-89BD-4b04-88EB-625FBE52EBFB}</UniqueIdentifier>
      <Extensions>h;hh;hpp;hxx;hm;inl;inc;xsd</Extensions>
    </Filter>
    <Filter Include="Resource Files">
      <UniqueIdentifier>{67DA6AB6-F800-4c08-8B7A-83BB121AAD01}</UniqueIdentifier>
      <Extensions>rc;ico;cur;bmp;dlg;rc2;rct;bin;rgs;gif;jpg;jpeg;jpe;resx;tiff;tif;png;wav;mfcribbon-ms</Extensions>
    </Filter>
  </ItemGroup>
  <ItemGroup>
    <ClInclude Include="AbstractDisplay.h">
      <Filter>Header Files</Filter>
    </ClInclude>
    <ClInclude Include="AbstractLevel.h">
      <Filter>Header Files</Filter>
    </ClInclude>
    <ClInclude Include="AbstractLevelUpdate.h">
      <Filter>Header Files</Filter>
    </ClInclude>
    <ClInclude Include="AbstractWindow.h">
      <Filter>Header Files</Filter>
    </ClInclude>
    <ClInclude Include="bass.h">
      <Filter>Header Files</Filter>
    </ClInclude>
    <ClInclude Include="Camera.h">
      <Filter>Header Files</Filter>
    </ClInclude>
    <ClInclude Include="Collectable.h">
      <Filter>Header Files</Filter>
    </ClInclude>
    <ClInclude Include="Collision.h">
      <Filter>Header Files</Filter>
    </ClInclude>
    <ClInclude Include="Entity.h">
      <Filter>Header Files</Filter>
    </ClInclude>
    <ClInclude Include="Level_1.h">
      <Filter>Header Files</Filter>
    </ClInclude>
    <ClInclude Include="Level_1_Display.h">
      <Filter>Header Files</Filter>
    </ClInclude>
    <ClInclude Include="Level_1_Update.h">
      <Filter>Header Files</Filter>
    </ClInclude>
    <ClInclude Include="Level_2.h">
      <Filter>Header Files</Filter>
    </ClInclude>
    <ClInclude Include="Level_2_Display.h">
      <Filter>Header Files</Filter>
    </ClInclude>
    <ClInclude Include="Level_2_Update.h">
      <Filter>Header Files</Filter>
    </ClInclude>
    <ClInclude Include="Level_3.h">
      <Filter>Header Files</Filter>
    </ClInclude>
    <ClInclude Include="Level_3_Display.h">
      <Filter>Header Files</Filter>
    </ClInclude>
    <ClInclude Include="Level_3_Update.h">
      <Filter>Header Files</Filter>
    </ClInclude>
    <ClInclude Include="Level_4.h">
      <Filter>Header Files</Filter>
    </ClInclude>
    <ClInclude Include="Level_4_Display.h">
      <Filter>Header Files</Filter>
    </ClInclude>
    <ClInclude Include="Level_4_Update.h">
      <Filter>Header Files</Filter>
    </ClInclude>
    <ClInclude Include="Level_5.h">
      <Filter>Header Files</Filter>
    </ClInclude>
    <ClInclude Include="Level_5_Display.h">
      <Filter>Header Files</Filter>
    </ClInclude>
    <ClInclude Include="Level_5_Update.h">
      <Filter>Header Files</Filter>
    </ClInclude>
    <ClInclude Include="loadTexture.h">
      <Filter>Header Files</Filter>
    </ClInclude>
    <ClInclude Include="Move.h">
      <Filter>Header Files</Filter>
    </ClInclude>
    <ClInclude Include="Platform.h">
      <Filter>Header Files</Filter>
    </ClInclude>
    <ClInclude Include="Player.h">
      <Filter>Header Files</Filter>
    </ClInclude>
    <ClInclude Include="PlaySound.h">
      <Filter>Header Files</Filter>
    </ClInclude>
    <ClInclude Include="rt3d.h">
      <Filter>Header Files</Filter>
    </ClInclude>
    <ClInclude Include="rt3dObjLoader.h">
      <Filter>Header Files</Filter>
    </ClInclude>
    <ClInclude Include="Window.h">
      <Filter>Header Files</Filter>
    </ClInclude>
    <ClInclude Include="Box.h">
      <Filter>Header Files</Filter>
    </ClInclude>
    <ClInclude Include="OpeningWindow.h">
      <Filter>Header Files</Filter>
    </ClInclude>
    <ClInclude Include="EndPoint.h">
      <Filter>Header Files</Filter>
    </ClInclude>
    <ClInclude Include="Projectile_Enemy.h">
      <Filter>Header Files</Filter>
    </ClInclude>
    <ClInclude Include="Projectile.h">
      <Filter>Header Files</Filter>
    </ClInclude>
    <ClInclude Include="IntroductionLevel.h">
      <Filter>Header Files</Filter>
    </ClInclude>
    <ClInclude Include="Basic_Enemy.h">
      <Filter>Header Files</Filter>
    </ClInclude>
    <ClInclude Include="IntroductionLevel_Display.h">
      <Filter>Header Files</Filter>
    </ClInclude>
    <ClInclude Include="IntroductionLevel_Update.h">
      <Filter>Header Files</Filter>
    </ClInclude>
    <ClInclude Include="anorms.h">
      <Filter>Header Files</Filter>
    </ClInclude>
    <ClInclude Include="md2model.h">
      <Filter>Header Files</Filter>
    </ClInclude>
  </ItemGroup>
  <ItemGroup>
    <ClCompile Include="Camera.cpp">
      <Filter>Source Files</Filter>
    </ClCompile>
    <ClCompile Include="Collectable.cpp">
      <Filter>Source Files</Filter>
    </ClCompile>
    <ClCompile Include="Collision.cpp">
      <Filter>Source Files</Filter>
    </ClCompile>
    <ClCompile Include="Level_1.cpp">
      <Filter>Source Files</Filter>
    </ClCompile>
    <ClCompile Include="Level_1_Display.cpp">
      <Filter>Source Files</Filter>
    </ClCompile>
    <ClCompile Include="Level_1_Update.cpp">
      <Filter>Source Files</Filter>
    </ClCompile>
    <ClCompile Include="Level_2.cpp">
      <Filter>Source Files</Filter>
    </ClCompile>
    <ClCompile Include="Level_2_Display.cpp">
      <Filter>Source Files</Filter>
    </ClCompile>
    <ClCompile Include="Level_2_Update.cpp">
      <Filter>Source Files</Filter>
    </ClCompile>
    <ClCompile Include="Level_3.cpp">
      <Filter>Source Files</Filter>
    </ClCompile>
    <ClCompile Include="Level_3_Display.cpp">
      <Filter>Source Files</Filter>
    </ClCompile>
    <ClCompile Include="Level_3_Update.cpp">
      <Filter>Source Files</Filter>
    </ClCompile>
    <ClCompile Include="Level_4.cpp">
      <Filter>Source Files</Filter>
    </ClCompile>
    <ClCompile Include="Level_4_Display.cpp">
      <Filter>Source Files</Filter>
    </ClCompile>
    <ClCompile Include="Level_4_Update.cpp">
      <Filter>Source Files</Filter>
    </ClCompile>
    <ClCompile Include="Level_5.cpp">
      <Filter>Source Files</Filter>
    </ClCompile>
    <ClCompile Include="Level_5_Display.cpp">
      <Filter>Source Files</Filter>
    </ClCompile>
    <ClCompile Include="Level_5_Update.cpp">
      <Filter>Source Files</Filter>
    </ClCompile>
    <ClCompile Include="loadTexture.cpp">
      <Filter>Source Files</Filter>
    </ClCompile>
    <ClCompile Include="main.cpp">
      <Filter>Source Files</Filter>
    </ClCompile>
    <ClCompile Include="Move.cpp">
      <Filter>Source Files</Filter>
    </ClCompile>
    <ClCompile Include="Platform.cpp">
      <Filter>Source Files</Filter>
    </ClCompile>
    <ClCompile Include="Player.cpp">
      <Filter>Source Files</Filter>
    </ClCompile>
    <ClCompile Include="PlaySound.cpp">
      <Filter>Source Files</Filter>
    </ClCompile>
    <ClCompile Include="rt3d.cpp">
      <Filter>Source Files</Filter>
    </ClCompile>
    <ClCompile Include="rt3dObjLoader.cpp">
      <Filter>Source Files</Filter>
    </ClCompile>
    <ClCompile Include="Window.cpp">
      <Filter>Source Files</Filter>
    </ClCompile>
    <ClCompile Include="Box.cpp">
      <Filter>Source Files</Filter>
    </ClCompile>
    <ClCompile Include="OpeningWindow.cpp">
      <Filter>Source Files</Filter>
    </ClCompile>
    <ClCompile Include="EndPoint.cpp">
      <Filter>Source Files</Filter>
    </ClCompile>
    <ClCompile Include="Projectile_Enemy.cpp">
      <Filter>Source Files</Filter>
    </ClCompile>
    <ClCompile Include="Projectile.cpp">
      <Filter>Source Files</Filter>
    </ClCompile>
    <ClCompile Include="IntroductionLevel.cpp">
      <Filter>Source Files</Filter>
    </ClCompile>
    <ClCompile Include="Basic_Enemy.cpp">
      <Filter>Source Files</Filter>
    </ClCompile>
    <ClCompile Include="IntroductionLevel_Display.cpp">
      <Filter>Source Files</Filter>
    </ClCompile>
    <ClCompile Include="IntroductionLevel_Update.cpp">
      <Filter>Source Files</Filter>
    </ClCompile>
    <ClCompile Include="md2model.cpp">
      <Filter>Source Files</Filter>
    </ClCompile>
  </ItemGroup>
</Project>